
Microsoft Visual Studio Solution File, Format Version 12.00
# Visual Studio Version 17
VisualStudioVersion = 17.1.32407.343
MinimumVisualStudioVersion = 10.0.40219.1
Project("{FAE04EC0-301F-11D3-BF4B-00C04F79EFBC}") = "ZeroWindApi", "ZeroWindApi\ZeroWindApi.csproj", "{C2F3E22C-CEA2-43A6-8839-34D31BDD300B}"
EndProject
Global
	GlobalSection(SolutionConfigurationPlatforms) = preSolution
		Debug|Any CPU = Debug|Any CPU
		Release|Any CPU = Release|Any CPU
	EndGlobalSection
	GlobalSection(ProjectConfigurationPlatforms) = postSolution
		{C2F3E22C-CEA2-43A6-8839-34D31BDD300B}.Debug|Any CPU.ActiveCfg = Debug|Any CPU
		{C2F3E22C-CEA2-43A6-8839-34D31BDD300B}.Debug|Any CPU.Build.0 = Debug|Any CPU
		{C2F3E22C-CEA2-43A6-8839-34D31BDD300B}.Release|Any CPU.ActiveCfg = Release|Any CPU
		{C2F3E22C-CEA2-43A6-8839-34D31BDD300B}.Release|Any CPU.Build.0 = Release|Any CPU
	EndGlobalSection
	GlobalSection(SolutionProperties) = preSolution
		HideSolutionNode = FALSE
	EndGlobalSection
	GlobalSection(ExtensibilityGlobals) = postSolution
		SolutionGuid = {8B73630C-5476-48FE-A4A0-1247C11B7F19}
	EndGlobalSection
EndGlobal
